
Microsoft Visual Studio Solution File, Format Version 12.00
# Visual Studio Version 17
VisualStudioVersion = 17.8.34316.72
MinimumVisualStudioVersion = 10.0.40219.1
Project("{9A19103F-16F7-4668-BE54-9A1E7A4F7556}") = "Sdcb.DashScope", "Sdcb.DashScope\Sdcb.DashScope.csproj", "{5C4C4151-F487-4AA5-A3C5-734FEE492D45}"
EndProject
Project("{2150E333-8FDC-42A3-9474-1A3956D46DE8}") = "解决方案项", "解决方案项", "{D7874C6C-7D6E-4686-B1FE-DD42B524BBDC}"
	ProjectSection(SolutionItems) = preProject
		README.md = README.md
	EndProjectSection
EndProject
Project("{9A19103F-16F7-4668-BE54-9A1E7A4F7556}") = "Sdcb.DashScope.Tests", "Sdcb.DashScope.Tests\Sdcb.DashScope.Tests.csproj", "{5F147F0D-54D9-420C-807A-6272AAFB8E5A}"
EndProject
Project("{2150E333-8FDC-42A3-9474-1A3956D46DE8}") = "scripts", "scripts", "{3EFB12B7-59F2-488A-B63B-4E4E8AC8FC17}"
	ProjectSection(SolutionItems) = preProject
		scripts\00-common.linq = scripts\00-common.linq
		scripts\01-build-packages.linq = scripts\01-build-packages.linq
		scripts\02-publish-proget-nuget.linq = scripts\02-publish-proget-nuget.linq
	EndProjectSection
EndProject
Project("{FAE04EC0-301F-11D3-BF4B-00C04F79EFBC}") = "Sdcb.DashScope.Gradio", "Sdcb.DashScope.Gradio\Sdcb.DashScope.Gradio.csproj", "{A80F9DAD-E4F1-42C6-9EBD-9B37F3F020F5}"
EndProject
Global
	GlobalSection(SolutionConfigurationPlatforms) = preSolution
		Debug|Any CPU = Debug|Any CPU
		Release|Any CPU = Release|Any CPU
	EndGlobalSection
	GlobalSection(ProjectConfigurationPlatforms) = postSolution
		{5C4C4151-F487-4AA5-A3C5-734FEE492D45}.Debug|Any CPU.ActiveCfg = Debug|Any CPU
		{5C4C4151-F487-4AA5-A3C5-734FEE492D45}.Debug|Any CPU.Build.0 = Debug|Any CPU
		{5C4C4151-F487-4AA5-A3C5-734FEE492D45}.Release|Any CPU.ActiveCfg = Release|Any CPU
		{5C4C4151-F487-4AA5-A3C5-734FEE492D45}.Release|Any CPU.Build.0 = Release|Any CPU
		{5F147F0D-54D9-420C-807A-6272AAFB8E5A}.Debug|Any CPU.ActiveCfg = Debug|Any CPU
		{5F147F0D-54D9-420C-807A-6272AAFB8E5A}.Debug|Any CPU.Build.0 = Debug|Any CPU
		{5F147F0D-54D9-420C-807A-6272AAFB8E5A}.Release|Any CPU.ActiveCfg = Release|Any CPU
		{5F147F0D-54D9-420C-807A-6272AAFB8E5A}.Release|Any CPU.Build.0 = Release|Any CPU
		{A80F9DAD-E4F1-42C6-9EBD-9B37F3F020F5}.Debug|Any CPU.ActiveCfg = Debug|Any CPU
		{A80F9DAD-E4F1-42C6-9EBD-9B37F3F020F5}.Debug|Any CPU.Build.0 = Debug|Any CPU
		{A80F9DAD-E4F1-42C6-9EBD-9B37F3F020F5}.Release|Any CPU.ActiveCfg = Release|Any CPU
		{A80F9DAD-E4F1-42C6-9EBD-9B37F3F020F5}.Release|Any CPU.Build.0 = Release|Any CPU
	EndGlobalSection
	GlobalSection(SolutionProperties) = preSolution
		HideSolutionNode = FALSE
	EndGlobalSection
	GlobalSection(NestedProjects) = preSolution
		{3EFB12B7-59F2-488A-B63B-4E4E8AC8FC17} = {D7874C6C-7D6E-4686-B1FE-DD42B524BBDC}
	EndGlobalSection
	GlobalSection(ExtensibilityGlobals) = postSolution
		SolutionGuid = {C2BC5B5B-DC97-48B8-8D01-9621F96FEF72}
	EndGlobalSection
EndGlobal
